
Microsoft Visual Studio Solution File, Format Version 12.00
# Visual Studio Version 17
VisualStudioVersion = 17.5.002.0
MinimumVisualStudioVersion = 10.0.40219.1
Project("{9A19103F-16F7-4668-BE54-9A1E7A4F7556}") = "minimal.LLM.Executors", "minimal.LLM.Executors\minimal.LLM.Executors.csproj", "{2AAA5EB7-1EF8-4287-B006-5BB10951BB12}"
EndProject
Project("{FAE04EC0-301F-11D3-BF4B-00C04F79EFBC}") = "minimal.LLM.Executors.Test", "minimal.LLM.Executors.Test\minimal.LLM.Executors.Test.csproj", "{69BBDD1C-7DD8-4AAF-994B-F46ED1F8264E}"
EndProject
Project("{FAE04EC0-301F-11D3-BF4B-00C04F79EFBC}") = "minimal.LLM.Console", "minimal.LLM.Console\minimal.LLM.Console.csproj", "{33C676C5-213A-4C9B-BCE6-93EEC28EAB89}"
EndProject
Project("{FAE04EC0-301F-11D3-BF4B-00C04F79EFBC}") = "minimal.LLM.Console.Test", "minimal.LLM.Console.Test\minimal.LLM.Console.Test.csproj", "{00D20497-7D7A-4EE8-89F0-A857C4283841}"
EndProject
Project("{FAE04EC0-301F-11D3-BF4B-00C04F79EFBC}") = "minimal.LLM.SemanticKernel", "minimal.LLM.SemanticKernel\minimal.LLM.SemanticKernel.csproj", "{62C0D827-A300-4A1E-80B4-DEC1458DC3D2}"
EndProject
Project("{FAE04EC0-301F-11D3-BF4B-00C04F79EFBC}") = "minimal.LLM.SemanticKernel.Test", "minimal.LLM.SemanticKernel.Test\minimal.LLM.SemanticKernel.Test.csproj", "{12DD87C4-8826-4447-830D-252DFCA8421F}"
EndProject
Project("{FAE04EC0-301F-11D3-BF4B-00C04F79EFBC}") = "minimal.LLM.Plugins", "minimal.LLM.Plugins\minimal.LLM.Plugins.csproj", "{7D383805-2479-4002-B53B-B5E366CF0BA6}"
EndProject
Project("{FAE04EC0-301F-11D3-BF4B-00C04F79EFBC}") = "minimal.LLM.Plugins.Test", "minimal.LLM.Plugins.Test\minimal.LLM.Plugins.Test.csproj", "{FA0B1605-AE88-4DED-96F2-D08ACA6C2272}"
EndProject
Project("{FAE04EC0-301F-11D3-BF4B-00C04F79EFBC}") = "minimal.LLM.ViewModel", "minimal.LLM.ViewModel\minimal.LLM.ViewModel.csproj", "{08938847-9BCE-4C20-965A-BF4CB28977E0}"
EndProject
Project("{FAE04EC0-301F-11D3-BF4B-00C04F79EFBC}") = "minimal.LLM.ViewModel.Test", "minimal.LLM.ViewModel.Test\minimal.LLM.ViewModel.Test.csproj", "{07A303B3-C21F-4962-9339-83B5E4C004B2}"
EndProject
Global
	GlobalSection(SolutionConfigurationPlatforms) = preSolution
		Debug|Any CPU = Debug|Any CPU
		Release|Any CPU = Release|Any CPU
	EndGlobalSection
	GlobalSection(ProjectConfigurationPlatforms) = postSolution
		{2AAA5EB7-1EF8-4287-B006-5BB10951BB12}.Debug|Any CPU.ActiveCfg = Debug|Any CPU
		{2AAA5EB7-1EF8-4287-B006-5BB10951BB12}.Debug|Any CPU.Build.0 = Debug|Any CPU
		{2AAA5EB7-1EF8-4287-B006-5BB10951BB12}.Release|Any CPU.ActiveCfg = Release|Any CPU
		{2AAA5EB7-1EF8-4287-B006-5BB10951BB12}.Release|Any CPU.Build.0 = Release|Any CPU
		{69BBDD1C-7DD8-4AAF-994B-F46ED1F8264E}.Debug|Any CPU.ActiveCfg = Debug|Any CPU
		{69BBDD1C-7DD8-4AAF-994B-F46ED1F8264E}.Debug|Any CPU.Build.0 = Debug|Any CPU
		{69BBDD1C-7DD8-4AAF-994B-F46ED1F8264E}.Release|Any CPU.ActiveCfg = Release|Any CPU
		{69BBDD1C-7DD8-4AAF-994B-F46ED1F8264E}.Release|Any CPU.Build.0 = Release|Any CPU
		{33C676C5-213A-4C9B-BCE6-93EEC28EAB89}.Debug|Any CPU.ActiveCfg = Debug|Any CPU
		{33C676C5-213A-4C9B-BCE6-93EEC28EAB89}.Debug|Any CPU.Build.0 = Debug|Any CPU
		{33C676C5-213A-4C9B-BCE6-93EEC28EAB89}.Release|Any CPU.ActiveCfg = Release|Any CPU
		{33C676C5-213A-4C9B-BCE6-93EEC28EAB89}.Release|Any CPU.Build.0 = Release|Any CPU
		{00D20497-7D7A-4EE8-89F0-A857C4283841}.Debug|Any CPU.ActiveCfg = Debug|Any CPU
		{00D20497-7D7A-4EE8-89F0-A857C4283841}.Debug|Any CPU.Build.0 = Debug|Any CPU
		{00D20497-7D7A-4EE8-89F0-A857C4283841}.Release|Any CPU.ActiveCfg = Release|Any CPU
		{00D20497-7D7A-4EE8-89F0-A857C4283841}.Release|Any CPU.Build.0 = Release|Any CPU
		{62C0D827-A300-4A1E-80B4-DEC1458DC3D2}.Debug|Any CPU.ActiveCfg = Debug|Any CPU
		{62C0D827-A300-4A1E-80B4-DEC1458DC3D2}.Debug|Any CPU.Build.0 = Debug|Any CPU
		{62C0D827-A300-4A1E-80B4-DEC1458DC3D2}.Release|Any CPU.ActiveCfg = Release|Any CPU
		{62C0D827-A300-4A1E-80B4-DEC1458DC3D2}.Release|Any CPU.Build.0 = Release|Any CPU
		{12DD87C4-8826-4447-830D-252DFCA8421F}.Debug|Any CPU.ActiveCfg = Debug|Any CPU
		{12DD87C4-8826-4447-830D-252DFCA8421F}.Debug|Any CPU.Build.0 = Debug|Any CPU
		{12DD87C4-8826-4447-830D-252DFCA8421F}.Release|Any CPU.ActiveCfg = Release|Any CPU
		{12DD87C4-8826-4447-830D-252DFCA8421F}.Release|Any CPU.Build.0 = Release|Any CPU
		{7D383805-2479-4002-B53B-B5E366CF0BA6}.Debug|Any CPU.ActiveCfg = Debug|Any CPU
		{7D383805-2479-4002-B53B-B5E366CF0BA6}.Debug|Any CPU.Build.0 = Debug|Any CPU
		{7D383805-2479-4002-B53B-B5E366CF0BA6}.Release|Any CPU.ActiveCfg = Release|Any CPU
		{7D383805-2479-4002-B53B-B5E366CF0BA6}.Release|Any CPU.Build.0 = Release|Any CPU
		{FA0B1605-AE88-4DED-96F2-D08ACA6C2272}.Debug|Any CPU.ActiveCfg = Debug|Any CPU
		{FA0B1605-AE88-4DED-96F2-D08ACA6C2272}.Debug|Any CPU.Build.0 = Debug|Any CPU
		{FA0B1605-AE88-4DED-96F2-D08ACA6C2272}.Release|Any CPU.ActiveCfg = Release|Any CPU
		{FA0B1605-AE88-4DED-96F2-D08ACA6C2272}.Release|Any CPU.Build.0 = Release|Any CPU
		{08938847-9BCE-4C20-965A-BF4CB28977E0}.Debug|Any CPU.ActiveCfg = Debug|Any CPU
		{08938847-9BCE-4C20-965A-BF4CB28977E0}.Debug|Any CPU.Build.0 = Debug|Any CPU
		{08938847-9BCE-4C20-965A-BF4CB28977E0}.Release|Any CPU.ActiveCfg = Release|Any CPU
		{08938847-9BCE-4C20-965A-BF4CB28977E0}.Release|Any CPU.Build.0 = Release|Any CPU
		{07A303B3-C21F-4962-9339-83B5E4C004B2}.Debug|Any CPU.ActiveCfg = Debug|Any CPU
		{07A303B3-C21F-4962-9339-83B5E4C004B2}.Debug|Any CPU.Build.0 = Debug|Any CPU
		{07A303B3-C21F-4962-9339-83B5E4C004B2}.Release|Any CPU.ActiveCfg = Release|Any CPU
		{07A303B3-C21F-4962-9339-83B5E4C004B2}.Release|Any CPU.Build.0 = Release|Any CPU
	EndGlobalSection
	GlobalSection(SolutionProperties) = preSolution
		HideSolutionNode = FALSE
	EndGlobalSection
	GlobalSection(ExtensibilityGlobals) = postSolution
		SolutionGuid = {A1931453-1D8F-4412-B306-B2399CD726E6}
	EndGlobalSection
EndGlobal
